<Solution>
  <Folder Name="/src/">
    <Project Path="src/Freista/Freista.csproj" />
    <Project Path="src/Freista.Mtp/Freista.Mtp.csproj" />
    <Project Path="src/Freista.Generator/Freista.Generator.csproj" />
    <Project Path="src/Freista.Aspire/Freista.Aspire.csproj" />
  </Folder>
  <Folder Name="/test/">
    <Project Path="test/Freista.Test/Freista.Test.csproj" />
    <Project Path="test/Freista.Generator.Test/Freista.Generator.Test.csproj" />
    <Project Path="test/Freista.Mtp.Test/Freista.Mtp.Test.csproj" />
    <Project Path="test/Freista.Aspire.Test/Freista.Aspire.Test.csproj" />
  </Folder>
  <Folder Name="/samples/">
    <Project Path="samples/AppointmentTests/AppointmentTests.csproj" />
    <Project Path="samples/AspireAppointments/AspireAppointments.Api/AspireAppointments.Api.csproj" />
    <Project Path="samples/AspireAppointments/AspireAppointments.AppHost/AspireAppointments.AppHost.csproj" />
    <Project Path="samples/AspireAppointments/AspireAppointments.Tests/AspireAppointments.Tests.csproj" />
  </Folder>
  <Folder Name="/Solution Items/">
    <File Path="Directory.Build.props" />
    <File Path="Directory.Packages.props" />
    <File Path=".gitignore" />
    <File Path="README.md" />
    <File Path="docs/scenario-graph-extension-design.md" />
  </Folder>
</Solution>
