<Solution>
  <Folder Name="/src/">
    <Project Path="src/Raun/Raun.csproj" />
    <Project Path="src/Raun.Mtp/Raun.Mtp.csproj" />
    <Project Path="src/Raun.Generator/Raun.Generator.csproj" />
    <Project Path="src/Raun.Aspire/Raun.Aspire.csproj" />
  </Folder>
  <Folder Name="/test/">
    <Project Path="test/Raun.Test/Raun.Test.csproj" />
    <Project Path="test/Raun.Generator.Test/Raun.Generator.Test.csproj" />
    <Project Path="test/Raun.Mtp.Test/Raun.Mtp.Test.csproj" />
    <Project Path="test/Raun.Aspire.Test/Raun.Aspire.Test.csproj" />
  </Folder>
  <Folder Name="/samples/">
    <Project Path="samples/AppointmentTests/AppointmentTests.csproj" />
    <Project Path="samples/AspireAppointments/AspireAppointments.Api/AspireAppointments.Api.csproj" />
    <Project Path="samples/AspireAppointments/AspireAppointments.AppHost/AspireAppointments.AppHost.csproj" />
    <Project Path="samples/AspireAppointments/AspireAppointments.Tests/AspireAppointments.Tests.csproj" />
  </Folder>
  <Folder Name="/Solution Items/">
    <File Path="Directory.Build.props" />
    <File Path="Directory.Packages.props" />
    <File Path=".gitignore" />
    <File Path="README.md" />
    <File Path="docs/scenario-graph-extension-design.md" />
  </Folder>
</Solution>
